
Microsoft Visual Studio Solution File, Format Version 12.00
# Visual Studio Version 16
VisualStudioVersion = 25.0.1706.5
MinimumVisualStudioVersion = 10.0.40219.1
Project("{FAE04EC0-301F-11D3-BF4B-00C04F79EFBC}") = "Console_app", "Console_app\Console_app.csproj", "{8E64AC9A-E3F9-4EFA-B7F3-5989A51B7F46}"
EndProject
Global
	GlobalSection(SolutionConfigurationPlatforms) = preSolution
		Debug|Any CPU = Debug|Any CPU
		Release|Any CPU = Release|Any CPU
	EndGlobalSection
	GlobalSection(ProjectConfigurationPlatforms) = postSolution
		{8E64AC9A-E3F9-4EFA-B7F3-5989A51B7F46}.Debug|Any CPU.ActiveCfg = Debug|Any CPU
		{8E64AC9A-E3F9-4EFA-B7F3-5989A51B7F46}.Debug|Any CPU.Build.0 = Debug|Any CPU
		{8E64AC9A-E3F9-4EFA-B7F3-5989A51B7F46}.Release|Any CPU.ActiveCfg = Release|Any CPU
		{8E64AC9A-E3F9-4EFA-B7F3-5989A51B7F46}.Release|Any CPU.Build.0 = Release|Any CPU
	EndGlobalSection
	GlobalSection(SolutionProperties) = preSolution
		HideSolutionNode = FALSE
	EndGlobalSection
	GlobalSection(ExtensibilityGlobals) = postSolution
		SolutionGuid = {064617D1-EB5C-44E8-9EBE-29532542E839}
	EndGlobalSection
EndGlobal
